
Microsoft Visual Studio Solution File, Format Version 12.00
# Visual Studio Version 17
VisualStudioVersion = 17.1.32421.90
MinimumVisualStudioVersion = 10.0.40219.1
Project("{FAE04EC0-301F-11D3-BF4B-00C04F79EFBC}") = "Lesson_1", "Lesson_1.csproj", "{D78FC203-29FE-4212-B2C5-4525B039AD43}"
EndProject
Global
	GlobalSection(SolutionConfigurationPlatforms) = preSolution
		Debug|Any CPU = Debug|Any CPU
		Release|Any CPU = Release|Any CPU
	EndGlobalSection
	GlobalSection(ProjectConfigurationPlatforms) = postSolution
		{D78FC203-29FE-4212-B2C5-4525B039AD43}.Debug|Any CPU.ActiveCfg = Debug|Any CPU
		{D78FC203-29FE-4212-B2C5-4525B039AD43}.Debug|Any CPU.Build.0 = Debug|Any CPU
		{D78FC203-29FE-4212-B2C5-4525B039AD43}.Release|Any CPU.ActiveCfg = Release|Any CPU
		{D78FC203-29FE-4212-B2C5-4525B039AD43}.Release|Any CPU.Build.0 = Release|Any CPU
	EndGlobalSection
	GlobalSection(SolutionProperties) = preSolution
		HideSolutionNode = FALSE
	EndGlobalSection
	GlobalSection(ExtensibilityGlobals) = postSolution
		SolutionGuid = {092CD72C-D00A-4F17-9DE3-198A585800F3}
	EndGlobalSection
EndGlobal
